
Microsoft Visual Studio Solution File, Format Version 12.00
# Visual Studio Version 17
VisualStudioVersion = 17.13.35931.197 d17.13
MinimumVisualStudioVersion = 10.0.40219.1
Project("{C9674DCB-5085-4A16-B785-4C70DD1589BD}") = "Final_Project", "Final_Project\Final_Project.dtproj", "{63256E55-1789-ECC6-8DCB-10AB5B9F0985}"
EndProject
Global
	GlobalSection(SolutionConfigurationPlatforms) = preSolution
		Development|Default = Development|Default
	EndGlobalSection
	GlobalSection(ProjectConfigurationPlatforms) = postSolution
		{63256E55-1789-ECC6-8DCB-10AB5B9F0985}.Development|Default.ActiveCfg = Development
		{63256E55-1789-ECC6-8DCB-10AB5B9F0985}.Development|Default.Build.0 = Development
	EndGlobalSection
	GlobalSection(SolutionProperties) = preSolution
		HideSolutionNode = FALSE
	EndGlobalSection
	GlobalSection(ExtensibilityGlobals) = postSolution
		SolutionGuid = {67B469D9-A169-4519-AB2B-F3AF28DE64BD}
	EndGlobalSection
EndGlobal
